
Microsoft Visual Studio Solution File, Format Version 12.00
# Visual Studio Version 17
VisualStudioVersion = 17.2.32602.215
MinimumVisualStudioVersion = 10.0.40219.1
Project("{9A19103F-16F7-4668-BE54-9A1E7A4F7556}") = "MCFWebAPI", "MCFWebAPI.csproj", "{6F9E5FCC-91AE-4764-816D-7A7E9DDEF3DC}"
EndProject
Project("{2150E333-8FDC-42A3-9474-1A3956D46DE8}") = "Solution Items", "Solution Items", "{96F6B37B-C23C-4B32-9A5D-B32162597FCF}"
	ProjectSection(SolutionItems) = preProject
		.editorconfig = .editorconfig
	EndProjectSection
EndProject
Global
	GlobalSection(SolutionConfigurationPlatforms) = preSolution
		Debug|Any CPU = Debug|Any CPU
		Release|Any CPU = Release|Any CPU
	EndGlobalSection
	GlobalSection(ProjectConfigurationPlatforms) = postSolution
		{6F9E5FCC-91AE-4764-816D-7A7E9DDEF3DC}.Debug|Any CPU.ActiveCfg = Debug|Any CPU
		{6F9E5FCC-91AE-4764-816D-7A7E9DDEF3DC}.Debug|Any CPU.Build.0 = Debug|Any CPU
		{6F9E5FCC-91AE-4764-816D-7A7E9DDEF3DC}.Release|Any CPU.ActiveCfg = Release|Any CPU
		{6F9E5FCC-91AE-4764-816D-7A7E9DDEF3DC}.Release|Any CPU.Build.0 = Release|Any CPU
	EndGlobalSection
	GlobalSection(SolutionProperties) = preSolution
		HideSolutionNode = FALSE
	EndGlobalSection
	GlobalSection(ExtensibilityGlobals) = postSolution
		SolutionGuid = {3DBF6271-FC8B-46FD-BE5C-66E230C9FC3E}
	EndGlobalSection
EndGlobal
